
Microsoft Visual Studio Solution File, Format Version 12.00
# Visual Studio Version 17
VisualStudioVersion = 17.8.34322.80
MinimumVisualStudioVersion = 10.0.40219.1
Project("{FAE04EC0-301F-11D3-BF4B-00C04F79EFBC}") = "ProjectMars_OnboardingTask1", "ProjectMars_OnboardingTask1.csproj", "{CDA79D09-3AD6-4862-933F-64D79EC80576}"
EndProject
Global
	GlobalSection(SolutionConfigurationPlatforms) = preSolution
		Debug|Any CPU = Debug|Any CPU
		Release|Any CPU = Release|Any CPU
	EndGlobalSection
	GlobalSection(ProjectConfigurationPlatforms) = postSolution
		{CDA79D09-3AD6-4862-933F-64D79EC80576}.Debug|Any CPU.ActiveCfg = Debug|Any CPU
		{CDA79D09-3AD6-4862-933F-64D79EC80576}.Debug|Any CPU.Build.0 = Debug|Any CPU
		{CDA79D09-3AD6-4862-933F-64D79EC80576}.Release|Any CPU.ActiveCfg = Release|Any CPU
		{CDA79D09-3AD6-4862-933F-64D79EC80576}.Release|Any CPU.Build.0 = Release|Any CPU
	EndGlobalSection
	GlobalSection(SolutionProperties) = preSolution
		HideSolutionNode = FALSE
	EndGlobalSection
	GlobalSection(ExtensibilityGlobals) = postSolution
		SolutionGuid = {C6584D81-BF42-475C-B01A-D896E98C94F5}
	EndGlobalSection
EndGlobal
